
Microsoft Visual Studio Solution File, Format Version 12.00
# Visual Studio Version 17
VisualStudioVersion = 17.4.33205.214
MinimumVisualStudioVersion = 10.0.40219.1
Project("{9A19103F-16F7-4668-BE54-9A1E7A4F7556}") = "GameWebServer", "GameWebServer.csproj", "{9538A546-78BF-41F9-BE52-A25758CC60C2}"
EndProject
Project("{9A19103F-16F7-4668-BE54-9A1E7A4F7556}") = "BA.Repository", "..\BA.Repository\BA.Repository.csproj", "{19482532-1790-4CD3-A86C-BA85C8BE9728}"
EndProject
Project("{9A19103F-16F7-4668-BE54-9A1E7A4F7556}") = "BA.Models", "..\BA.Models\BA.Models.csproj", "{11179113-547E-45D4-AFDC-937A115DB667}"
EndProject
Global
	GlobalSection(SolutionConfigurationPlatforms) = preSolution
		Debug|Any CPU = Debug|Any CPU
		Release|Any CPU = Release|Any CPU
	EndGlobalSection
	GlobalSection(ProjectConfigurationPlatforms) = postSolution
		{9538A546-78BF-41F9-BE52-A25758CC60C2}.Debug|Any CPU.ActiveCfg = Debug|Any CPU
		{9538A546-78BF-41F9-BE52-A25758CC60C2}.Debug|Any CPU.Build.0 = Debug|Any CPU
		{9538A546-78BF-41F9-BE52-A25758CC60C2}.Release|Any CPU.ActiveCfg = Release|Any CPU
		{9538A546-78BF-41F9-BE52-A25758CC60C2}.Release|Any CPU.Build.0 = Release|Any CPU
		{19482532-1790-4CD3-A86C-BA85C8BE9728}.Debug|Any CPU.ActiveCfg = Debug|Any CPU
		{19482532-1790-4CD3-A86C-BA85C8BE9728}.Debug|Any CPU.Build.0 = Debug|Any CPU
		{19482532-1790-4CD3-A86C-BA85C8BE9728}.Release|Any CPU.ActiveCfg = Release|Any CPU
		{19482532-1790-4CD3-A86C-BA85C8BE9728}.Release|Any CPU.Build.0 = Release|Any CPU
		{11179113-547E-45D4-AFDC-937A115DB667}.Debug|Any CPU.ActiveCfg = Debug|Any CPU
		{11179113-547E-45D4-AFDC-937A115DB667}.Debug|Any CPU.Build.0 = Debug|Any CPU
		{11179113-547E-45D4-AFDC-937A115DB667}.Release|Any CPU.ActiveCfg = Release|Any CPU
		{11179113-547E-45D4-AFDC-937A115DB667}.Release|Any CPU.Build.0 = Release|Any CPU
	EndGlobalSection
	GlobalSection(SolutionProperties) = preSolution
		HideSolutionNode = FALSE
	EndGlobalSection
	GlobalSection(ExtensibilityGlobals) = postSolution
		SolutionGuid = {943C827B-262B-4BED-81E5-1C27FA71CE79}
	EndGlobalSection
EndGlobal
